
Microsoft Visual Studio Solution File, Format Version 12.00
# Visual Studio Version 17
VisualStudioVersion = 17.4.33213.308
MinimumVisualStudioVersion = 10.0.40219.1
Project("{FAE04EC0-301F-11D3-BF4B-00C04F79EFBC}") = "MvcProjectCamp", "MvcProjectCamp\MvcProjectCamp.csproj", "{7BB044F3-41D0-4C30-89A4-167E1AF286AF}"
EndProject
Project("{FAE04EC0-301F-11D3-BF4B-00C04F79EFBC}") = "EntityLayer", "EntityLayer\EntityLayer.csproj", "{0987CAE9-06CE-4C62-A182-5BDAA00A4D14}"
EndProject
Project("{FAE04EC0-301F-11D3-BF4B-00C04F79EFBC}") = "DataAccessLayer", "DataAccessLayer\DataAccessLayer.csproj", "{85603FBA-FF4A-4098-BADD-B4A615517634}"
EndProject
Project("{FAE04EC0-301F-11D3-BF4B-00C04F79EFBC}") = "BusinessLayer", "BusinessLayer\BusinessLayer.csproj", "{38014A37-E687-4520-A079-6A35161EA164}"
EndProject
Global
	GlobalSection(SolutionConfigurationPlatforms) = preSolution
		Debug|Any CPU = Debug|Any CPU
		Release|Any CPU = Release|Any CPU
	EndGlobalSection
	GlobalSection(ProjectConfigurationPlatforms) = postSolution
		{7BB044F3-41D0-4C30-89A4-167E1AF286AF}.Debug|Any CPU.ActiveCfg = Debug|Any CPU
		{7BB044F3-41D0-4C30-89A4-167E1AF286AF}.Debug|Any CPU.Build.0 = Debug|Any CPU
		{7BB044F3-41D0-4C30-89A4-167E1AF286AF}.Release|Any CPU.ActiveCfg = Release|Any CPU
		{7BB044F3-41D0-4C30-89A4-167E1AF286AF}.Release|Any CPU.Build.0 = Release|Any CPU
		{0987CAE9-06CE-4C62-A182-5BDAA00A4D14}.Debug|Any CPU.ActiveCfg = Debug|Any CPU
		{0987CAE9-06CE-4C62-A182-5BDAA00A4D14}.Debug|Any CPU.Build.0 = Debug|Any CPU
		{0987CAE9-06CE-4C62-A182-5BDAA00A4D14}.Release|Any CPU.ActiveCfg = Release|Any CPU
		{0987CAE9-06CE-4C62-A182-5BDAA00A4D14}.Release|Any CPU.Build.0 = Release|Any CPU
		{85603FBA-FF4A-4098-BADD-B4A615517634}.Debug|Any CPU.ActiveCfg = Debug|Any CPU
		{85603FBA-FF4A-4098-BADD-B4A615517634}.Debug|Any CPU.Build.0 = Debug|Any CPU
		{85603FBA-FF4A-4098-BADD-B4A615517634}.Release|Any CPU.ActiveCfg = Release|Any CPU
		{85603FBA-FF4A-4098-BADD-B4A615517634}.Release|Any CPU.Build.0 = Release|Any CPU
		{38014A37-E687-4520-A079-6A35161EA164}.Debug|Any CPU.ActiveCfg = Debug|Any CPU
		{38014A37-E687-4520-A079-6A35161EA164}.Debug|Any CPU.Build.0 = Debug|Any CPU
		{38014A37-E687-4520-A079-6A35161EA164}.Release|Any CPU.ActiveCfg = Release|Any CPU
		{38014A37-E687-4520-A079-6A35161EA164}.Release|Any CPU.Build.0 = Release|Any CPU
	EndGlobalSection
	GlobalSection(SolutionProperties) = preSolution
		HideSolutionNode = FALSE
	EndGlobalSection
	GlobalSection(ExtensibilityGlobals) = postSolution
		SolutionGuid = {9C9A98A0-5FDB-42F3-BA0E-33BACB86038C}
	EndGlobalSection
EndGlobal
